dependencies:
- name: kube-prometheus-stack
  repository: https://prometheus-community.github.io/helm-charts
  version: 84.1.2
- name: loki
  repository: https://grafana.github.io/helm-charts
  version: 7.0.0
- name: promtail
  repository: https://grafana.github.io/helm-charts
  version: 6.17.1
digest: sha256:b67d436da0823d60df3d243a5b6e5486ac37832c215ac8f1dafd5fe21c361d69
generated: "2026-04-27T08:30:43.273777777+02:00"
